// !$*UTF8*$!
{
	archiveVersion = 1;
	classes = {
	};
	objectVersion = 56;
	objects = {

/* Begin PBXBuildFile section */
		571A426A2ACE857500FA3D2B /* UMMApp.swift in Sources */ = {isa = PBXBuildFile; fileRef = 571A42692ACE857500FA3D2B /* UMMApp.swift */; };
		571A426C2ACE857500FA3D2B /* ContentView.swift in Sources */ = {isa = PBXBuildFile; fileRef = 571A426B2ACE857500FA3D2B /* ContentView.swift */; };
		571A426E2ACE857600FA3D2B /* Assets.xcassets in Resources */ = {isa = PBXBuildFile; fileRef = 571A426D2ACE857600FA3D2B /* Assets.xcassets */; };
		571A42712ACE857600FA3D2B /* Preview Assets.xcassets in Resources */ = {isa = PBXBuildFile; fileRef = 571A42702ACE857600FA3D2B /* Preview Assets.xcassets */; };
		5754FAB62AD3F94900A3FCE8 /* UMM.xcdatamodeld in Sources */ = {isa = PBXBuildFile; fileRef = 5754FAB42AD3F94900A3FCE8 /* UMM.xcdatamodeld */; };
		5760066B2ADD42D3006CD8DF /* CompleteRecordView.swift in Sources */ = {isa = PBXBuildFile; fileRef = 5760066A2ADD42D3006CD8DF /* CompleteRecordView.swift */; };
		5760066D2ADD42FA006CD8DF /* ManualRecordView.swift in Sources */ = {isa = PBXBuildFile; fileRef = 5760066C2ADD42FA006CD8DF /* ManualRecordView.swift */; };
		5760066F2ADD4355006CD8DF /* TravelChoiceHalfView.swift in Sources */ = {isa = PBXBuildFile; fileRef = 5760066E2ADD4355006CD8DF /* TravelChoiceHalfView.swift */; };
		578858252ADBBCB2001B82FA /* InfoClassifier.mlmodel in Sources */ = {isa = PBXBuildFile; fileRef = 578858242ADBBCB2001B82FA /* InfoClassifier.mlmodel */; };
		57A65D002AD7D3DF00131266 /* .swiftlint.yml in Resources */ = {isa = PBXBuildFile; fileRef = 57A65CFF2AD7D3DF00131266 /* .swiftlint.yml */; };
		57A65D052AD7D4A900131266 /* Character+Extension.swift in Sources */ = {isa = PBXBuildFile; fileRef = 57A65D042AD7D4A900131266 /* Character+Extension.swift */; };
		57A65D082AD7D4D100131266 /* CharacterForm.swift in Sources */ = {isa = PBXBuildFile; fileRef = 57A65D072AD7D4D100131266 /* CharacterForm.swift */; };
		57A65D0A2AD7D4EB00131266 /* Array<CharacterForm>+Extension.swift in Sources */ = {isa = PBXBuildFile; fileRef = 57A65D092AD7D4EB00131266 /* Array<CharacterForm>+Extension.swift */; };
		57A65D0C2AD7D4FF00131266 /* Array<String>+Extension.swift in Sources */ = {isa = PBXBuildFile; fileRef = 57A65D0B2AD7D4FF00131266 /* Array<String>+Extension.swift */; };
		57A65D0E2AD7D51600131266 /* SplitVariety.swift in Sources */ = {isa = PBXBuildFile; fileRef = 57A65D0D2AD7D51600131266 /* SplitVariety.swift */; };
		57A65D102AD7D52700131266 /* String+Extension.swift in Sources */ = {isa = PBXBuildFile; fileRef = 57A65D0F2AD7D52700131266 /* String+Extension.swift */; };
		57A65D122AD7D5D500131266 /* RecordViewModel.swift in Sources */ = {isa = PBXBuildFile; fileRef = 57A65D112AD7D5D500131266 /* RecordViewModel.swift */; };
		57A65D142AD7D65600131266 /* ExpenseInfoCategory.swift in Sources */ = {isa = PBXBuildFile; fileRef = 57A65D132AD7D65600131266 /* ExpenseInfoCategory.swift */; };
		57A65D162AD7D6B000131266 /* PaymentMethod.swift in Sources */ = {isa = PBXBuildFile; fileRef = 57A65D152AD7D6B000131266 /* PaymentMethod.swift */; };
		57A65D182AD7DDA700131266 /* RecordView.swift in Sources */ = {isa = PBXBuildFile; fileRef = 57A65D172AD7DDA700131266 /* RecordView.swift */; };
		57C41DFC2AD4F1EB00345253 /* Persistence.swift in Sources */ = {isa = PBXBuildFile; fileRef = 57C41DFB2AD4F1EB00345253 /* Persistence.swift */; };
		57CE9C732ADE4CAE00EDAD11 /* Currency.swift in Sources */ = {isa = PBXBuildFile; fileRef = 57CE9C722ADE4CAE00EDAD11 /* Currency.swift */; };
		57CE9C752ADE97A600EDAD11 /* Date+Extension.swift in Sources */ = {isa = PBXBuildFile; fileRef = 57CE9C742ADE97A600EDAD11 /* Date+Extension.swift */; };
		57EA42202ADE38EE006CA587 /* Country.swift in Sources */ = {isa = PBXBuildFile; fileRef = 57EA421F2ADE38EE006CA587 /* Country.swift */; };
		C17550522AD54FB000A61BE5 /* TravelListView.swift in Sources */ = {isa = PBXBuildFile; fileRef = C17550512AD54FB000A61BE5 /* TravelListView.swift */; };
		C17550542AD54FC900A61BE5 /* AddTravelView.swift in Sources */ = {isa = PBXBuildFile; fileRef = C17550532AD54FC900A61BE5 /* AddTravelView.swift */; };
		C17550592AD57B6500A61BE5 /* AddTravelViewModel.swift in Sources */ = {isa = PBXBuildFile; fileRef = C17550582AD57B6500A61BE5 /* AddTravelViewModel.swift */; };
		C17966012ADD66F90036E866 /* Pretendard-ExtraLight.otf in Resources */ = {isa = PBXBuildFile; fileRef = C17965F82ADD66F90036E866 /* Pretendard-ExtraLight.otf */; };
		C17966022ADD66F90036E866 /* Pretendard-ExtraBold.otf in Resources */ = {isa = PBXBuildFile; fileRef = C17965F92ADD66F90036E866 /* Pretendard-ExtraBold.otf */; };
		C17966032ADD66F90036E866 /* Pretendard-Light.otf in Resources */ = {isa = PBXBuildFile; fileRef = C17965FA2ADD66F90036E866 /* Pretendard-Light.otf */; };
		C17966042ADD66F90036E866 /* Pretendard-SemiBold.otf in Resources */ = {isa = PBXBuildFile; fileRef = C17965FB2ADD66F90036E866 /* Pretendard-SemiBold.otf */; };
		C17966052ADD66F90036E866 /* Pretendard-Thin.otf in Resources */ = {isa = PBXBuildFile; fileRef = C17965FC2ADD66F90036E866 /* Pretendard-Thin.otf */; };
		C17966062ADD66F90036E866 /* Pretendard-Black.otf in Resources */ = {isa = PBXBuildFile; fileRef = C17965FD2ADD66F90036E866 /* Pretendard-Black.otf */; };
		C17966072ADD66F90036E866 /* Pretendard-Regular.otf in Resources */ = {isa = PBXBuildFile; fileRef = C17965FE2ADD66F90036E866 /* Pretendard-Regular.otf */; };
		C17966082ADD66F90036E866 /* Pretendard-Medium.otf in Resources */ = {isa = PBXBuildFile; fileRef = C17965FF2ADD66F90036E866 /* Pretendard-Medium.otf */; };
		C17966092ADD66F90036E866 /* Pretendard-Bold.otf in Resources */ = {isa = PBXBuildFile; fileRef = C17966002ADD66F90036E866 /* Pretendard-Bold.otf */; };
		C179660C2ADD68BC0036E866 /* FontsManager.swift in Sources */ = {isa = PBXBuildFile; fileRef = C179660B2ADD68BC0036E866 /* FontsManager.swift */; };
		C179660E2ADD6BF90036E866 /* Color+Extension.swift in Sources */ = {isa = PBXBuildFile; fileRef = C179660D2ADD6BF90036E866 /* Color+Extension.swift */; };
		C190C2032ADAAE2C0099EE3A /* AddMemberView.swift in Sources */ = {isa = PBXBuildFile; fileRef = C190C2022ADAAE2C0099EE3A /* AddMemberView.swift */; };
		C190C20C2ADCD47E0099EE3A /* ButtonTheme.swift in Sources */ = {isa = PBXBuildFile; fileRef = C190C20B2ADCD47E0099EE3A /* ButtonTheme.swift */; };
		C19AFADF2ADEAEC80037A5F5 /* CompleteAddTravelView.swift in Sources */ = {isa = PBXBuildFile; fileRef = C19AFADE2ADEAEC70037A5F5 /* CompleteAddTravelView.swift */; };
		C19AFAE12ADF709E0037A5F5 /* AddMemberViewModel.swift in Sources */ = {isa = PBXBuildFile; fileRef = C19AFAE02ADF709E0037A5F5 /* AddMemberViewModel.swift */; };
		C19AFAE32ADFB5AE0037A5F5 /* Font+Extension.swift in Sources */ = {isa = PBXBuildFile; fileRef = C19AFAE22ADFB5AE0037A5F5 /* Font+Extension.swift */; };
		C19AFAE72ADFF1440037A5F5 /* CompleteAddTravelViewModel.swift in Sources */ = {isa = PBXBuildFile; fileRef = C19AFAE62ADFF1440037A5F5 /* CompleteAddTravelViewModel.swift */; };
		C19AFAEA2AE00A920037A5F5 /* NavigationUtils.swift in Sources */ = {isa = PBXBuildFile; fileRef = C19AFAE92AE00A920037A5F5 /* NavigationUtils.swift */; };
		C19AFAEC2AE107460037A5F5 /* SettingView.swift in Sources */ = {isa = PBXBuildFile; fileRef = C19AFAEB2AE107460037A5F5 /* SettingView.swift */; };
		E2D5C05C2ADD921400907501 /* MainView.swift in Sources */ = {isa = PBXBuildFile; fileRef = E2D5C05B2ADD921400907501 /* MainView.swift */; };
		E2D5C05E2ADD922000907501 /* DummyRecordView.swift in Sources */ = {isa = PBXBuildFile; fileRef = E2D5C05D2ADD922000907501 /* DummyRecordView.swift */; };
		E2D5C0602ADD922700907501 /* ExpenseView.swift in Sources */ = {isa = PBXBuildFile; fileRef = E2D5C05F2ADD922700907501 /* ExpenseView.swift */; };
		E2D5C0622ADD923000907501 /* TodayExpenseView.swift in Sources */ = {isa = PBXBuildFile; fileRef = E2D5C0612ADD923000907501 /* TodayExpenseView.swift */; };
		E2D5C0642ADD923800907501 /* TodayExpenseDetailView.swift in Sources */ = {isa = PBXBuildFile; fileRef = E2D5C0632ADD923800907501 /* TodayExpenseDetailView.swift */; };
		E2D5C0662ADD924100907501 /* AllExpenseView.swift in Sources */ = {isa = PBXBuildFile; fileRef = E2D5C0652ADD924100907501 /* AllExpenseView.swift */; };
		E2D5C0682ADD924800907501 /* AllExpenseDetailView.swift in Sources */ = {isa = PBXBuildFile; fileRef = E2D5C0672ADD924800907501 /* AllExpenseDetailView.swift */; };
		E2D5C06A2ADD925C00907501 /* DummyRecordViewModel.swift in Sources */ = {isa = PBXBuildFile; fileRef = E2D5C0692ADD925C00907501 /* DummyRecordViewModel.swift */; };
		E2D5C06C2ADD926200907501 /* ExpenseViewModel.swift in Sources */ = {isa = PBXBuildFile; fileRef = E2D5C06B2ADD926200907501 /* ExpenseViewModel.swift */; };
		E2D5C06F2ADD927B00907501 /* TempSave.swift in Sources */ = {isa = PBXBuildFile; fileRef = E2D5C06E2ADD927B00907501 /* TempSave.swift */; };
		E2D5C0722ADD928C00907501 /* findCurrentTravel.swift in Sources */ = {isa = PBXBuildFile; fileRef = E2D5C0712ADD928C00907501 /* findCurrentTravel.swift */; };
/* End PBXBuildFile section */

/* Begin PBXFileReference section */
		571A42662ACE857500FA3D2B /* UMM.app */ = {isa = PBXFileReference; explicitFileType = wrapper.application; includeInIndex = 0; path = UMM.app; sourceTree = BUILT_PRODUCTS_DIR; };
		571A42692ACE857500FA3D2B /* UMMApp.swift */ = {isa = PBXFileReference; lastKnownFileType = sourcecode.swift; path = UMMApp.swift; sourceTree = "<group>"; };
		571A426B2ACE857500FA3D2B /* ContentView.swift */ = {isa = PBXFileReference; lastKnownFileType = sourcecode.swift; path = ContentView.swift; sourceTree = "<group>"; };
		571A426D2ACE857600FA3D2B /* Assets.xcassets */ = {isa = PBXFileReference; lastKnownFileType = folder.assetcatalog; path = Assets.xcassets; sourceTree = "<group>"; };
		571A42702ACE857600FA3D2B /* Preview Assets.xcassets */ = {isa = PBXFileReference; lastKnownFileType = folder.assetcatalog; path = "Preview Assets.xcassets"; sourceTree = "<group>"; };
		5754FAB52AD3F94900A3FCE8 /* UMM.xcdatamodel */ = {isa = PBXFileReference; lastKnownFileType = wrapper.xcdatamodel; path = UMM.xcdatamodel; sourceTree = "<group>"; };
		5760066A2ADD42D3006CD8DF /* CompleteRecordView.swift */ = {isa = PBXFileReference; lastKnownFileType = sourcecode.swift; path = CompleteRecordView.swift; sourceTree = "<group>"; };
		5760066C2ADD42FA006CD8DF /* ManualRecordView.swift */ = {isa = PBXFileReference; lastKnownFileType = sourcecode.swift; path = ManualRecordView.swift; sourceTree = "<group>"; };
		5760066E2ADD4355006CD8DF /* TravelChoiceHalfView.swift */ = {isa = PBXFileReference; lastKnownFileType = sourcecode.swift; path = TravelChoiceHalfView.swift; sourceTree = "<group>"; };
		578858242ADBBCB2001B82FA /* InfoClassifier.mlmodel */ = {isa = PBXFileReference; lastKnownFileType = file.mlmodel; path = InfoClassifier.mlmodel; sourceTree = "<group>"; };
		57A65CFF2AD7D3DF00131266 /* .swiftlint.yml */ = {isa = PBXFileReference; lastKnownFileType = text.yaml; path = .swiftlint.yml; sourceTree = "<group>"; };
		57A65D042AD7D4A900131266 /* Character+Extension.swift */ = {isa = PBXFileReference; lastKnownFileType = sourcecode.swift; path = "Character+Extension.swift"; sourceTree = "<group>"; };
		57A65D072AD7D4D100131266 /* CharacterForm.swift */ = {isa = PBXFileReference; lastKnownFileType = sourcecode.swift; path = CharacterForm.swift; sourceTree = "<group>"; };
		57A65D092AD7D4EB00131266 /* Array<CharacterForm>+Extension.swift */ = {isa = PBXFileReference; lastKnownFileType = sourcecode.swift; path = "Array<CharacterForm>+Extension.swift"; sourceTree = "<group>"; };
		57A65D0B2AD7D4FF00131266 /* Array<String>+Extension.swift */ = {isa = PBXFileReference; lastKnownFileType = sourcecode.swift; path = "Array<String>+Extension.swift"; sourceTree = "<group>"; };
		57A65D0D2AD7D51600131266 /* SplitVariety.swift */ = {isa = PBXFileReference; lastKnownFileType = sourcecode.swift; path = SplitVariety.swift; sourceTree = "<group>"; };
		57A65D0F2AD7D52700131266 /* String+Extension.swift */ = {isa = PBXFileReference; lastKnownFileType = sourcecode.swift; path = "String+Extension.swift"; sourceTree = "<group>"; };
		57A65D112AD7D5D500131266 /* RecordViewModel.swift */ = {isa = PBXFileReference; lastKnownFileType = sourcecode.swift; path = RecordViewModel.swift; sourceTree = "<group>"; };
		57A65D132AD7D65600131266 /* ExpenseInfoCategory.swift */ = {isa = PBXFileReference; lastKnownFileType = sourcecode.swift; path = ExpenseInfoCategory.swift; sourceTree = "<group>"; };
		57A65D152AD7D6B000131266 /* PaymentMethod.swift */ = {isa = PBXFileReference; lastKnownFileType = sourcecode.swift; path = PaymentMethod.swift; sourceTree = "<group>"; };
		57A65D172AD7DDA700131266 /* RecordView.swift */ = {isa = PBXFileReference; lastKnownFileType = sourcecode.swift; path = RecordView.swift; sourceTree = "<group>"; };
		57C41DFB2AD4F1EB00345253 /* Persistence.swift */ = {isa = PBXFileReference; lastKnownFileType = sourcecode.swift; path = Persistence.swift; sourceTree = "<group>"; };
		57CE9C722ADE4CAE00EDAD11 /* Currency.swift */ = {isa = PBXFileReference; lastKnownFileType = sourcecode.swift; path = Currency.swift; sourceTree = "<group>"; };
		57CE9C742ADE97A600EDAD11 /* Date+Extension.swift */ = {isa = PBXFileReference; lastKnownFileType = sourcecode.swift; path = "Date+Extension.swift"; sourceTree = "<group>"; };
		57EA421F2ADE38EE006CA587 /* Country.swift */ = {isa = PBXFileReference; lastKnownFileType = sourcecode.swift; path = Country.swift; sourceTree = "<group>"; };
		C17550512AD54FB000A61BE5 /* TravelListView.swift */ = {isa = PBXFileReference; lastKnownFileType = sourcecode.swift; path = TravelListView.swift; sourceTree = "<group>"; };
		C17550532AD54FC900A61BE5 /* AddTravelView.swift */ = {isa = PBXFileReference; lastKnownFileType = sourcecode.swift; path = AddTravelView.swift; sourceTree = "<group>"; };
		C17550582AD57B6500A61BE5 /* AddTravelViewModel.swift */ = {isa = PBXFileReference; lastKnownFileType = sourcecode.swift; path = AddTravelViewModel.swift; sourceTree = "<group>"; };
		C17965F82ADD66F90036E866 /* Pretendard-ExtraLight.otf */ = {isa = PBXFileReference; lastKnownFileType = file; path = "Pretendard-ExtraLight.otf"; sourceTree = "<group>"; };
		C17965F92ADD66F90036E866 /* Pretendard-ExtraBold.otf */ = {isa = PBXFileReference; lastKnownFileType = file; path = "Pretendard-ExtraBold.otf"; sourceTree = "<group>"; };
		C17965FA2ADD66F90036E866 /* Pretendard-Light.otf */ = {isa = PBXFileReference; lastKnownFileType = file; path = "Pretendard-Light.otf"; sourceTree = "<group>"; };
		C17965FB2ADD66F90036E866 /* Pretendard-SemiBold.otf */ = {isa = PBXFileReference; lastKnownFileType = file; path = "Pretendard-SemiBold.otf"; sourceTree = "<group>"; };
		C17965FC2ADD66F90036E866 /* Pretendard-Thin.otf */ = {isa = PBXFileReference; lastKnownFileType = file; path = "Pretendard-Thin.otf"; sourceTree = "<group>"; };
		C17965FD2ADD66F90036E866 /* Pretendard-Black.otf */ = {isa = PBXFileReference; lastKnownFileType = file; path = "Pretendard-Black.otf"; sourceTree = "<group>"; };
		C17965FE2ADD66F90036E866 /* Pretendard-Regular.otf */ = {isa = PBXFileReference; lastKnownFileType = file; path = "Pretendard-Regular.otf"; sourceTree = "<group>"; };
		C17965FF2ADD66F90036E866 /* Pretendard-Medium.otf */ = {isa = PBXFileReference; lastKnownFileType = file; path = "Pretendard-Medium.otf"; sourceTree = "<group>"; };
		C17966002ADD66F90036E866 /* Pretendard-Bold.otf */ = {isa = PBXFileReference; lastKnownFileType = file; path = "Pretendard-Bold.otf"; sourceTree = "<group>"; };
		C179660A2ADD67440036E866 /* Info.plist */ = {isa = PBXFileReference; lastKnownFileType = text.plist; path = Info.plist; sourceTree = "<group>"; };
		C179660B2ADD68BC0036E866 /* FontsManager.swift */ = {isa = PBXFileReference; lastKnownFileType = sourcecode.swift; path = FontsManager.swift; sourceTree = "<group>"; };
		C179660D2ADD6BF90036E866 /* Color+Extension.swift */ = {isa = PBXFileReference; lastKnownFileType = sourcecode.swift; path = "Color+Extension.swift"; sourceTree = "<group>"; };
		C190C2022ADAAE2C0099EE3A /* AddMemberView.swift */ = {isa = PBXFileReference; lastKnownFileType = sourcecode.swift; path = AddMemberView.swift; sourceTree = "<group>"; };
		C190C20B2ADCD47E0099EE3A /* ButtonTheme.swift */ = {isa = PBXFileReference; lastKnownFileType = sourcecode.swift; path = ButtonTheme.swift; sourceTree = "<group>"; };
		C19AFADE2ADEAEC70037A5F5 /* CompleteAddTravelView.swift */ = {isa = PBXFileReference; lastKnownFileType = sourcecode.swift; path = CompleteAddTravelView.swift; sourceTree = "<group>"; };
		C19AFAE02ADF709E0037A5F5 /* AddMemberViewModel.swift */ = {isa = PBXFileReference; lastKnownFileType = sourcecode.swift; path = AddMemberViewModel.swift; sourceTree = "<group>"; };
		C19AFAE22ADFB5AE0037A5F5 /* Font+Extension.swift */ = {isa = PBXFileReference; lastKnownFileType = sourcecode.swift; path = "Font+Extension.swift"; sourceTree = "<group>"; };
		C19AFAE62ADFF1440037A5F5 /* CompleteAddTravelViewModel.swift */ = {isa = PBXFileReference; lastKnownFileType = sourcecode.swift; path = CompleteAddTravelViewModel.swift; sourceTree = "<group>"; };
		C19AFAE92AE00A920037A5F5 /* NavigationUtils.swift */ = {isa = PBXFileReference; lastKnownFileType = sourcecode.swift; path = NavigationUtils.swift; sourceTree = "<group>"; };
		C19AFAEB2AE107460037A5F5 /* SettingView.swift */ = {isa = PBXFileReference; lastKnownFileType = sourcecode.swift; path = SettingView.swift; sourceTree = "<group>"; };
		E2D5C05B2ADD921400907501 /* MainView.swift */ = {isa = PBXFileReference; lastKnownFileType = sourcecode.swift; path = MainView.swift; sourceTree = "<group>"; };
		E2D5C05D2ADD922000907501 /* DummyRecordView.swift */ = {isa = PBXFileReference; lastKnownFileType = sourcecode.swift; path = DummyRecordView.swift; sourceTree = "<group>"; };
		E2D5C05F2ADD922700907501 /* ExpenseView.swift */ = {isa = PBXFileReference; lastKnownFileType = sourcecode.swift; path = ExpenseView.swift; sourceTree = "<group>"; };
		E2D5C0612ADD923000907501 /* TodayExpenseView.swift */ = {isa = PBXFileReference; lastKnownFileType = sourcecode.swift; path = TodayExpenseView.swift; sourceTree = "<group>"; };
		E2D5C0632ADD923800907501 /* TodayExpenseDetailView.swift */ = {isa = PBXFileReference; lastKnownFileType = sourcecode.swift; path = TodayExpenseDetailView.swift; sourceTree = "<group>"; };
		E2D5C0652ADD924100907501 /* AllExpenseView.swift */ = {isa = PBXFileReference; lastKnownFileType = sourcecode.swift; path = AllExpenseView.swift; sourceTree = "<group>"; };
		E2D5C0672ADD924800907501 /* AllExpenseDetailView.swift */ = {isa = PBXFileReference; lastKnownFileType = sourcecode.swift; path = AllExpenseDetailView.swift; sourceTree = "<group>"; };
		E2D5C0692ADD925C00907501 /* DummyRecordViewModel.swift */ = {isa = PBXFileReference; lastKnownFileType = sourcecode.swift; path = DummyRecordViewModel.swift; sourceTree = "<group>"; };
		E2D5C06B2ADD926200907501 /* ExpenseViewModel.swift */ = {isa = PBXFileReference; lastKnownFileType = sourcecode.swift; path = ExpenseViewModel.swift; sourceTree = "<group>"; };
		E2D5C06E2ADD927B00907501 /* TempSave.swift */ = {isa = PBXFileReference; lastKnownFileType = sourcecode.swift; path = TempSave.swift; sourceTree = "<group>"; };
		E2D5C0712ADD928C00907501 /* findCurrentTravel.swift */ = {isa = PBXFileReference; lastKnownFileType = sourcecode.swift; path = findCurrentTravel.swift; sourceTree = "<group>"; };
/* End PBXFileReference section */

/* Begin PBXFrameworksBuildPhase section */
		571A42632ACE857500FA3D2B /* Frameworks */ = {
			isa = PBXFrameworksBuildPhase;
			buildActionMask = 2147483647;
			files = (
			);
			runOnlyForDeploymentPostprocessing = 0;
		};
/* End PBXFrameworksBuildPhase section */

/* Begin PBXGroup section */
		571A425D2ACE857500FA3D2B = {
			isa = PBXGroup;
			children = (
				571A42682ACE857500FA3D2B /* UMM */,
				571A42672ACE857500FA3D2B /* Products */,
			);
			sourceTree = "<group>";
		};
		571A42672ACE857500FA3D2B /* Products */ = {
			isa = PBXGroup;
			children = (
				571A42662ACE857500FA3D2B /* UMM.app */,
			);
			name = Products;
			sourceTree = "<group>";
		};
		571A42682ACE857500FA3D2B /* UMM */ = {
			isa = PBXGroup;
			children = (
				C19AFAE82AE00A7F0037A5F5 /* Utils */,
				C179660A2ADD67440036E866 /* Info.plist */,
				571A42692ACE857500FA3D2B /* UMMApp.swift */,
				57A65CFF2AD7D3DF00131266 /* .swiftlint.yml */,
				578858262ADBBED5001B82FA /* Model */,
				C17550562AD5518C00A61BE5 /* View */,
				C17550572AD5519800A61BE5 /* ViewModel */,
				57A65D032AD7D49100131266 /* Extension */,
				E2D5C0702ADD928100907501 /* Handler */,
				E2D5C06D2ADD927000907501 /* Dummy */,
				C190C20A2ADCD4520099EE3A /* DesignSystem */,
				571A426D2ACE857600FA3D2B /* Assets.xcassets */,
				571A426F2ACE857600FA3D2B /* Preview Content */,
			);
			path = UMM;
			sourceTree = "<group>";
		};
		571A426F2ACE857600FA3D2B /* Preview Content */ = {
			isa = PBXGroup;
			children = (
				571A42702ACE857600FA3D2B /* Preview Assets.xcassets */,
			);
			path = "Preview Content";
			sourceTree = "<group>";
		};
		578858262ADBBED5001B82FA /* Model */ = {
			isa = PBXGroup;
			children = (
				57C41DFB2AD4F1EB00345253 /* Persistence.swift */,
				5754FAB42AD3F94900A3FCE8 /* UMM.xcdatamodeld */,
				578858242ADBBCB2001B82FA /* InfoClassifier.mlmodel */,
				57A65D062AD7D4BE00131266 /* Enumeration */,
			);
			path = Model;
			sourceTree = "<group>";
		};
		57A65D032AD7D49100131266 /* Extension */ = {
			isa = PBXGroup;
			children = (
				57A65D042AD7D4A900131266 /* Character+Extension.swift */,
				57A65D092AD7D4EB00131266 /* Array<CharacterForm>+Extension.swift */,
				57A65D0B2AD7D4FF00131266 /* Array<String>+Extension.swift */,
				57A65D0F2AD7D52700131266 /* String+Extension.swift */,
				C179660D2ADD6BF90036E866 /* Color+Extension.swift */,
				57CE9C742ADE97A600EDAD11 /* Date+Extension.swift */,
				C19AFAE22ADFB5AE0037A5F5 /* Font+Extension.swift */,
			);
			path = Extension;
			sourceTree = "<group>";
		};
		57A65D062AD7D4BE00131266 /* Enumeration */ = {
			isa = PBXGroup;
			children = (
				57A65D072AD7D4D100131266 /* CharacterForm.swift */,
				57A65D0D2AD7D51600131266 /* SplitVariety.swift */,
				57A65D132AD7D65600131266 /* ExpenseInfoCategory.swift */,
				57A65D152AD7D6B000131266 /* PaymentMethod.swift */,
				57EA421F2ADE38EE006CA587 /* Country.swift */,
				57CE9C722ADE4CAE00EDAD11 /* Currency.swift */,
			);
			path = Enumeration;
			sourceTree = "<group>";
		};
		57EA421B2ADE1107006CA587 /* Travel */ = {
			isa = PBXGroup;
			children = (
				C17550512AD54FB000A61BE5 /* TravelListView.swift */,
				C17550532AD54FC900A61BE5 /* AddTravelView.swift */,
				C190C2022ADAAE2C0099EE3A /* AddMemberView.swift */,
				C19AFADE2ADEAEC70037A5F5 /* CompleteAddTravelView.swift */,
			);
			path = Travel;
			sourceTree = "<group>";
		};
		57EA421C2ADE1122006CA587 /* Record */ = {
			isa = PBXGroup;
			children = (
				57A65D172AD7DDA700131266 /* RecordView.swift */,
				5760066C2ADD42FA006CD8DF /* ManualRecordView.swift */,
				5760066A2ADD42D3006CD8DF /* CompleteRecordView.swift */,
				5760066E2ADD4355006CD8DF /* TravelChoiceHalfView.swift */,
			);
			path = Record;
			sourceTree = "<group>";
		};
		57EA421D2ADE1127006CA587 /* Expense */ = {
			isa = PBXGroup;
			children = (
				E2D5C05F2ADD922700907501 /* ExpenseView.swift */,
				E2D5C0612ADD923000907501 /* TodayExpenseView.swift */,
				E2D5C0632ADD923800907501 /* TodayExpenseDetailView.swift */,
				E2D5C0652ADD924100907501 /* AllExpenseView.swift */,
				E2D5C0672ADD924800907501 /* AllExpenseDetailView.swift */,
			);
			path = Expense;
			sourceTree = "<group>";
		};
		57EA421E2ADE112B006CA587 /* Other */ = {
			isa = PBXGroup;
			children = (
				571A426B2ACE857500FA3D2B /* ContentView.swift */,
				E2D5C05D2ADD922000907501 /* DummyRecordView.swift */,
				C19AFAEB2AE107460037A5F5 /* SettingView.swift */,
			);
			path = Other;
			sourceTree = "<group>";
		};
		C17550562AD5518C00A61BE5 /* View */ = {
			isa = PBXGroup;
			children = (
				E2D5C05B2ADD921400907501 /* MainView.swift */,
				57EA421D2ADE1127006CA587 /* Expense */,
				57EA421C2ADE1122006CA587 /* Record */,
				57EA421B2ADE1107006CA587 /* Travel */,
				57EA421E2ADE112B006CA587 /* Other */,
			);
			path = View;
			sourceTree = "<group>";
		};
		C17550572AD5519800A61BE5 /* ViewModel */ = {
			isa = PBXGroup;
			children = (
				C17550582AD57B6500A61BE5 /* AddTravelViewModel.swift */,
				57A65D112AD7D5D500131266 /* RecordViewModel.swift */,
				E2D5C0692ADD925C00907501 /* DummyRecordViewModel.swift */,
				E2D5C06B2ADD926200907501 /* ExpenseViewModel.swift */,
				C19AFAE02ADF709E0037A5F5 /* AddMemberViewModel.swift */,
				C19AFAE62ADFF1440037A5F5 /* CompleteAddTravelViewModel.swift */,
			);
			path = ViewModel;
			sourceTree = "<group>";
		};
		C17965F52ADD64340036E866 /* Fonts */ = {
			isa = PBXGroup;
			children = (
				C17965FD2ADD66F90036E866 /* Pretendard-Black.otf */,
				C17966002ADD66F90036E866 /* Pretendard-Bold.otf */,
				C17965F92ADD66F90036E866 /* Pretendard-ExtraBold.otf */,
				C17965F82ADD66F90036E866 /* Pretendard-ExtraLight.otf */,
				C17965FA2ADD66F90036E866 /* Pretendard-Light.otf */,
				C17965FF2ADD66F90036E866 /* Pretendard-Medium.otf */,
				C17965FE2ADD66F90036E866 /* Pretendard-Regular.otf */,
				C17965FB2ADD66F90036E866 /* Pretendard-SemiBold.otf */,
				C17965FC2ADD66F90036E866 /* Pretendard-Thin.otf */,
				C179660B2ADD68BC0036E866 /* FontsManager.swift */,
			);
			path = Fonts;
			sourceTree = "<group>";
		};
		C190C20A2ADCD4520099EE3A /* DesignSystem */ = {
			isa = PBXGroup;
			children = (
				C17965F52ADD64340036E866 /* Fonts */,
				C190C20B2ADCD47E0099EE3A /* ButtonTheme.swift */,
			);
			path = DesignSystem;
			sourceTree = "<group>";
		};
		C19AFAE82AE00A7F0037A5F5 /* Utils */ = {
			isa = PBXGroup;
			children = (
				C19AFAE92AE00A920037A5F5 /* NavigationUtils.swift */,
			);
			path = Utils;
			sourceTree = "<group>";
		};
		E2D5C06D2ADD927000907501 /* Dummy */ = {
			isa = PBXGroup;
			children = (
				E2D5C06E2ADD927B00907501 /* TempSave.swift */,
			);
			path = Dummy;
			sourceTree = "<group>";
		};
		E2D5C0702ADD928100907501 /* Handler */ = {
			isa = PBXGroup;
			children = (
				E2D5C0712ADD928C00907501 /* findCurrentTravel.swift */,
			);
			path = Handler;
			sourceTree = "<group>";
		};
/* End PBXGroup section */

/* Begin PBXNativeTarget section */
		571A42652ACE857500FA3D2B /* UMM */ = {
			isa = PBXNativeTarget;
			buildConfigurationList = 571A42742ACE857600FA3D2B /* Build configuration list for PBXNativeTarget "UMM" */;
			buildPhases = (
				C1F13BF52ACE8BE400BDC1C1 /* SwiftLint Script */,
				571A42622ACE857500FA3D2B /* Sources */,
				571A42632ACE857500FA3D2B /* Frameworks */,
				571A42642ACE857500FA3D2B /* Resources */,
			);
			buildRules = (
			);
			dependencies = (
			);
			name = UMM;
			productName = UMM;
			productReference = 571A42662ACE857500FA3D2B /* UMM.app */;
			productType = "com.apple.product-type.application";
		};
/* End PBXNativeTarget section */

/* Begin PBXProject section */
		571A425E2ACE857500FA3D2B /* Project object */ = {
			isa = PBXProject;
			attributes = {
				BuildIndependentTargetsInParallel = 1;
				LastSwiftUpdateCheck = 1500;
				LastUpgradeCheck = 1500;
				TargetAttributes = {
					571A42652ACE857500FA3D2B = {
						CreatedOnToolsVersion = 15.0;
					};
				};
			};
			buildConfigurationList = 571A42612ACE857500FA3D2B /* Build configuration list for PBXProject "UMM" */;
			compatibilityVersion = "Xcode 14.0";
			developmentRegion = ko;
			hasScannedForEncodings = 0;
			knownRegions = (
				en,
				Base,
				ko,
			);
			mainGroup = 571A425D2ACE857500FA3D2B;
			productRefGroup = 571A42672ACE857500FA3D2B /* Products */;
			projectDirPath = "";
			projectRoot = "";
			targets = (
				571A42652ACE857500FA3D2B /* UMM */,
			);
		};
/* End PBXProject section */

/* Begin PBXResourcesBuildPhase section */
		571A42642ACE857500FA3D2B /* Resources */ = {
			isa = PBXResourcesBuildPhase;
			buildActionMask = 2147483647;
			files = (
				57A65D002AD7D3DF00131266 /* .swiftlint.yml in Resources */,
				C17966092ADD66F90036E866 /* Pretendard-Bold.otf in Resources */,
				571A42712ACE857600FA3D2B /* Preview Assets.xcassets in Resources */,
				C17966042ADD66F90036E866 /* Pretendard-SemiBold.otf in Resources */,
				C17966052ADD66F90036E866 /* Pretendard-Thin.otf in Resources */,
				C17966062ADD66F90036E866 /* Pretendard-Black.otf in Resources */,
				C17966022ADD66F90036E866 /* Pretendard-ExtraBold.otf in Resources */,
				C17966012ADD66F90036E866 /* Pretendard-ExtraLight.otf in Resources */,
				C17966072ADD66F90036E866 /* Pretendard-Regular.otf in Resources */,
				571A426E2ACE857600FA3D2B /* Assets.xcassets in Resources */,
				C17966032ADD66F90036E866 /* Pretendard-Light.otf in Resources */,
				C17966082ADD66F90036E866 /* Pretendard-Medium.otf in Resources */,
			);
			runOnlyForDeploymentPostprocessing = 0;
		};
/* End PBXResourcesBuildPhase section */

/* Begin PBXShellScriptBuildPhase section */
		C1F13BF52ACE8BE400BDC1C1 /* SwiftLint Script */ = {
			isa = PBXShellScriptBuildPhase;
			alwaysOutOfDate = 1;
			buildActionMask = 2147483647;
			files = (
			);
			inputFileListPaths = (
			);
			inputPaths = (
			);
			name = "SwiftLint Script";
			outputFileListPaths = (
			);
			outputPaths = (
			);
			runOnlyForDeploymentPostprocessing = 0;
			shellPath = /bin/sh;
			shellScript = "export PATH=\"$PATH:/opt/homebrew/bin\"\nif which swiftlint > /dev/null; then\n  swiftlint\nelse\n  echo \"warning: SwiftLint not installed, download from https://github.com/realm/SwiftLint\"\nfi\n";
		};
/* End PBXShellScriptBuildPhase section */

/* Begin PBXSourcesBuildPhase section */
		571A42622ACE857500FA3D2B /* Sources */ = {
			isa = PBXSourcesBuildPhase;
			buildActionMask = 2147483647;
			files = (
				578858252ADBBCB2001B82FA /* InfoClassifier.mlmodel in Sources */,
				C19AFAEA2AE00A920037A5F5 /* NavigationUtils.swift in Sources */,
				57EA42202ADE38EE006CA587 /* Country.swift in Sources */,
				57CE9C752ADE97A600EDAD11 /* Date+Extension.swift in Sources */,
				E2D5C05C2ADD921400907501 /* MainView.swift in Sources */,
				5760066D2ADD42FA006CD8DF /* ManualRecordView.swift in Sources */,
				E2D5C06F2ADD927B00907501 /* TempSave.swift in Sources */,
				E2D5C0602ADD922700907501 /* ExpenseView.swift in Sources */,
				C19AFAE32ADFB5AE0037A5F5 /* Font+Extension.swift in Sources */,
				571A426C2ACE857500FA3D2B /* ContentView.swift in Sources */,
				57A65D122AD7D5D500131266 /* RecordViewModel.swift in Sources */,
				C190C20C2ADCD47E0099EE3A /* ButtonTheme.swift in Sources */,
				E2D5C0622ADD923000907501 /* TodayExpenseView.swift in Sources */,
				57CE9C732ADE4CAE00EDAD11 /* Currency.swift in Sources */,
				E2D5C0722ADD928C00907501 /* findCurrentTravel.swift in Sources */,
				C19AFADF2ADEAEC80037A5F5 /* CompleteAddTravelView.swift in Sources */,
				57A65D082AD7D4D100131266 /* CharacterForm.swift in Sources */,
				E2D5C0662ADD924100907501 /* AllExpenseView.swift in Sources */,
				E2D5C05E2ADD922000907501 /* DummyRecordView.swift in Sources */,
				57A65D182AD7DDA700131266 /* RecordView.swift in Sources */,
				C179660E2ADD6BF90036E866 /* Color+Extension.swift in Sources */,
				C19AFAEC2AE107460037A5F5 /* SettingView.swift in Sources */,
				57C41DFC2AD4F1EB00345253 /* Persistence.swift in Sources */,
				C17550542AD54FC900A61BE5 /* AddTravelView.swift in Sources */,
				C190C2032ADAAE2C0099EE3A /* AddMemberView.swift in Sources */,
				5760066F2ADD4355006CD8DF /* TravelChoiceHalfView.swift in Sources */,
				57A65D0A2AD7D4EB00131266 /* Array<CharacterForm>+Extension.swift in Sources */,
				C19AFAE72ADFF1440037A5F5 /* CompleteAddTravelViewModel.swift in Sources */,
				C17550592AD57B6500A61BE5 /* AddTravelViewModel.swift in Sources */,
				5760066B2ADD42D3006CD8DF /* CompleteRecordView.swift in Sources */,
				E2D5C0682ADD924800907501 /* AllExpenseDetailView.swift in Sources */,
				57A65D0E2AD7D51600131266 /* SplitVariety.swift in Sources */,
				C19AFAE12ADF709E0037A5F5 /* AddMemberViewModel.swift in Sources */,
				57A65D102AD7D52700131266 /* String+Extension.swift in Sources */,
				5754FAB62AD3F94900A3FCE8 /* UMM.xcdatamodeld in Sources */,
				57A65D0C2AD7D4FF00131266 /* Array<String>+Extension.swift in Sources */,
				C179660C2ADD68BC0036E866 /* FontsManager.swift in Sources */,
				E2D5C0642ADD923800907501 /* TodayExpenseDetailView.swift in Sources */,
				E2D5C06A2ADD925C00907501 /* DummyRecordViewModel.swift in Sources */,
				C17550522AD54FB000A61BE5 /* TravelListView.swift in Sources */,
				E2D5C06C2ADD926200907501 /* ExpenseViewModel.swift in Sources */,
				57A65D052AD7D4A900131266 /* Character+Extension.swift in Sources */,
				57A65D162AD7D6B000131266 /* PaymentMethod.swift in Sources */,
				57A65D142AD7D65600131266 /* ExpenseInfoCategory.swift in Sources */,
				571A426A2ACE857500FA3D2B /* UMMApp.swift in Sources */,
			);
			runOnlyForDeploymentPostprocessing = 0;
		};
/* End PBXSourcesBuildPhase section */

/* Begin XCBuildConfiguration section */
		571A42722ACE857600FA3D2B /* Debug */ = {
			isa = XCBuildConfiguration;
			buildSettings = {
				ALWAYS_SEARCH_USER_PATHS = NO;
				ASSETCATALOG_COMPILER_GENERATE_SWIFT_ASSET_SYMBOL_EXTENSIONS = YES;
				CLANG_ANALYZER_NONNULL = YES;
				CLANG_ANALYZER_NUMBER_OBJECT_CONVERSION = YES_AGGRESSIVE;
				CLANG_CXX_LANGUAGE_STANDARD = "gnu++20";
				CLANG_ENABLE_MODULES = YES;
				CLANG_ENABLE_OBJC_ARC = YES;
				CLANG_ENABLE_OBJC_WEAK = YES;
				CLANG_WARN_BLOCK_CAPTURE_AUTORELEASING = YES;
				CLANG_WARN_BOOL_CONVERSION = YES;
				CLANG_WARN_COMMA = YES;
				CLANG_WARN_CONSTANT_CONVERSION = YES;
				CLANG_WARN_DEPRECATED_OBJC_IMPLEMENTATIONS = YES;
				CLANG_WARN_DIRECT_OBJC_ISA_USAGE = YES_ERROR;
				CLANG_WARN_DOCUMENTATION_COMMENTS = YES;
				CLANG_WARN_EMPTY_BODY = YES;
				CLANG_WARN_ENUM_CONVERSION = YES;
				CLANG_WARN_INFINITE_RECURSION = YES;
				CLANG_WARN_INT_CONVERSION = YES;
				CLANG_WARN_NON_LITERAL_NULL_CONVERSION = YES;
				CLANG_WARN_OBJC_IMPLICIT_RETAIN_SELF = YES;
				CLANG_WARN_OBJC_LITERAL_CONVERSION = YES;
				CLANG_WARN_OBJC_ROOT_CLASS = YES_ERROR;
				CLANG_WARN_QUOTED_INCLUDE_IN_FRAMEWORK_HEADER = YES;
				CLANG_WARN_RANGE_LOOP_ANALYSIS = YES;
				CLANG_WARN_STRICT_PROTOTYPES = YES;
				CLANG_WARN_SUSPICIOUS_MOVE = YES;
				CLANG_WARN_UNGUARDED_AVAILABILITY = YES_AGGRESSIVE;
				CLANG_WARN_UNREACHABLE_CODE = YES;
				CLANG_WARN__DUPLICATE_METHOD_MATCH = YES;
				COPY_PHASE_STRIP = NO;
				DEBUG_INFORMATION_FORMAT = dwarf;
				ENABLE_STRICT_OBJC_MSGSEND = YES;
				ENABLE_TESTABILITY = YES;
				ENABLE_USER_SCRIPT_SANDBOXING = YES;
				GCC_C_LANGUAGE_STANDARD = gnu17;
				GCC_DYNAMIC_NO_PIC = NO;
				GCC_NO_COMMON_BLOCKS = YES;
				GCC_OPTIMIZATION_LEVEL = 0;
				GCC_PREPROCESSOR_DEFINITIONS = (
					"DEBUG=1",
					"$(inherited)",
				);
				GCC_WARN_64_TO_32_BIT_CONVERSION = YES;
				GCC_WARN_ABOUT_RETURN_TYPE = YES_ERROR;
				GCC_WARN_UNDECLARED_SELECTOR = YES;
				GCC_WARN_UNINITIALIZED_AUTOS = YES_AGGRESSIVE;
				GCC_WARN_UNUSED_FUNCTION = YES;
				GCC_WARN_UNUSED_VARIABLE = YES;
				IPHONEOS_DEPLOYMENT_TARGET = 17.0;
				LOCALIZATION_PREFERS_STRING_CATALOGS = YES;
				MTL_ENABLE_DEBUG_INFO = INCLUDE_SOURCE;
				MTL_FAST_MATH = YES;
				ONLY_ACTIVE_ARCH = YES;
				SDKROOT = iphoneos;
				SWIFT_ACTIVE_COMPILATION_CONDITIONS = "DEBUG $(inherited)";
				SWIFT_OPTIMIZATION_LEVEL = "-Onone";
			};
			name = Debug;
		};
		571A42732ACE857600FA3D2B /* Release */ = {
			isa = XCBuildConfiguration;
			buildSettings = {
				ALWAYS_SEARCH_USER_PATHS = NO;
				ASSETCATALOG_COMPILER_GENERATE_SWIFT_ASSET_SYMBOL_EXTENSIONS = YES;
				CLANG_ANALYZER_NONNULL = YES;
				CLANG_ANALYZER_NUMBER_OBJECT_CONVERSION = YES_AGGRESSIVE;
				CLANG_CXX_LANGUAGE_STANDARD = "gnu++20";
				CLANG_ENABLE_MODULES = YES;
				CLANG_ENABLE_OBJC_ARC = YES;
				CLANG_ENABLE_OBJC_WEAK = YES;
				CLANG_WARN_BLOCK_CAPTURE_AUTORELEASING = YES;
				CLANG_WARN_BOOL_CONVERSION = YES;
				CLANG_WARN_COMMA = YES;
				CLANG_WARN_CONSTANT_CONVERSION = YES;
				CLANG_WARN_DEPRECATED_OBJC_IMPLEMENTATIONS = YES;
				CLANG_WARN_DIRECT_OBJC_ISA_USAGE = YES_ERROR;
				CLANG_WARN_DOCUMENTATION_COMMENTS = YES;
				CLANG_WARN_EMPTY_BODY = YES;
				CLANG_WARN_ENUM_CONVERSION = YES;
				CLANG_WARN_INFINITE_RECURSION = YES;
				CLANG_WARN_INT_CONVERSION = YES;
				CLANG_WARN_NON_LITERAL_NULL_CONVERSION = YES;
				CLANG_WARN_OBJC_IMPLICIT_RETAIN_SELF = YES;
				CLANG_WARN_OBJC_LITERAL_CONVERSION = YES;
				CLANG_WARN_OBJC_ROOT_CLASS = YES_ERROR;
				CLANG_WARN_QUOTED_INCLUDE_IN_FRAMEWORK_HEADER = YES;
				CLANG_WARN_RANGE_LOOP_ANALYSIS = YES;
				CLANG_WARN_STRICT_PROTOTYPES = YES;
				CLANG_WARN_SUSPICIOUS_MOVE = YES;
				CLANG_WARN_UNGUARDED_AVAILABILITY = YES_AGGRESSIVE;
				CLANG_WARN_UNREACHABLE_CODE = YES;
				CLANG_WARN__DUPLICATE_METHOD_MATCH = YES;
				COPY_PHASE_STRIP = NO;
				DEBUG_INFORMATION_FORMAT = "dwarf-with-dsym";
				ENABLE_NS_ASSERTIONS = NO;
				ENABLE_STRICT_OBJC_MSGSEND = YES;
				ENABLE_USER_SCRIPT_SANDBOXING = YES;
				GCC_C_LANGUAGE_STANDARD = gnu17;
				GCC_NO_COMMON_BLOCKS = YES;
				GCC_WARN_64_TO_32_BIT_CONVERSION = YES;
				GCC_WARN_ABOUT_RETURN_TYPE = YES_ERROR;
				GCC_WARN_UNDECLARED_SELECTOR = YES;
				GCC_WARN_UNINITIALIZED_AUTOS = YES_AGGRESSIVE;
				GCC_WARN_UNUSED_FUNCTION = YES;
				GCC_WARN_UNUSED_VARIABLE = YES;
				IPHONEOS_DEPLOYMENT_TARGET = 17.0;
				LOCALIZATION_PREFERS_STRING_CATALOGS = YES;
				MTL_ENABLE_DEBUG_INFO = NO;
				MTL_FAST_MATH = YES;
				SDKROOT = iphoneos;
				SWIFT_COMPILATION_MODE = wholemodule;
				VALIDATE_PRODUCT = YES;
			};
			name = Release;
		};
		571A42752ACE857600FA3D2B /* Debug */ = {
			isa = XCBuildConfiguration;
			buildSettings = {
				ASSETCATALOG_COMPILER_APPICON_NAME = AppIcon;
				ASSETCATALOG_COMPILER_GLOBAL_ACCENT_COLOR_NAME = AccentColor;
				CODE_SIGN_STYLE = Automatic;
				CURRENT_PROJECT_VERSION = 1;
				DEVELOPMENT_ASSET_PATHS = "\"UMM/Preview Content\"";
				DEVELOPMENT_TEAM = NM2S86642U;
				ENABLE_PREVIEWS = YES;
				ENABLE_USER_SCRIPT_SANDBOXING = NO;
				GENERATE_INFOPLIST_FILE = YES;
				INFOPLIST_FILE = UMM/Info.plist;
				INFOPLIST_KEY_NSMicrophoneUsageDescription = test;
				INFOPLIST_KEY_NSSpeechRecognitionUsageDescription = "Need to convert sound data into text data.";
				INFOPLIST_KEY_UIApplicationSceneManifest_Generation = YES;
				INFOPLIST_KEY_UIApplicationSupportsIndirectInputEvents = YES;
				INFOPLIST_KEY_UILaunchScreen_Generation = YES;
				INFOPLIST_KEY_UISupportedInterfaceOrientations_iPad = "UIInterfaceOrientationPortrait UIInterfaceOrientationPortraitUpsideDown UIInterfaceOrientationLandscapeLeft UIInterfaceOrientationLandscapeRight";
				INFOPLIST_KEY_UISupportedInterfaceOrientations_iPhone = "UIInterfaceOrientationPortrait UIInterfaceOrientationLandscapeLeft UIInterfaceOrientationLandscapeRight";
				IPHONEOS_DEPLOYMENT_TARGET = 17.0;
				LD_RUNPATH_SEARCH_PATHS = (
					"$(inherited)",
					"@executable_path/Frameworks",
				);
				MARKETING_VERSION = 1.0;
				PRODUCT_BUNDLE_IDENTIFIER = "com.wonil-or-not.UMM";
				PRODUCT_NAME = "$(TARGET_NAME)";
				SWIFT_EMIT_LOC_STRINGS = YES;
				SWIFT_VERSION = 5.0;
				TARGETED_DEVICE_FAMILY = "1,2";
			};
			name = Debug;
		};
		571A42762ACE857600FA3D2B /* Release */ = {
			isa = XCBuildConfiguration;
			buildSettings = {
				ASSETCATALOG_COMPILER_APPICON_NAME = AppIcon;
				ASSETCATALOG_COMPILER_GLOBAL_ACCENT_COLOR_NAME = AccentColor;
				CODE_SIGN_STYLE = Automatic;
				CURRENT_PROJECT_VERSION = 1;
				DEVELOPMENT_ASSET_PATHS = "\"UMM/Preview Content\"";
				DEVELOPMENT_TEAM = NM2S86642U;
				ENABLE_PREVIEWS = YES;
				ENABLE_USER_SCRIPT_SANDBOXING = NO;
				GENERATE_INFOPLIST_FILE = YES;
				INFOPLIST_FILE = UMM/Info.plist;
				INFOPLIST_KEY_NSMicrophoneUsageDescription = test;
				INFOPLIST_KEY_NSSpeechRecognitionUsageDescription = "Need to convert sound data into text data.";
				INFOPLIST_KEY_UIApplicationSceneManifest_Generation = YES;
				INFOPLIST_KEY_UIApplicationSupportsIndirectInputEvents = YES;
				INFOPLIST_KEY_UILaunchScreen_Generation = YES;
				INFOPLIST_KEY_UISupportedInterfaceOrientations_iPad = "UIInterfaceOrientationPortrait UIInterfaceOrientationPortraitUpsideDown UIInterfaceOrientationLandscapeLeft UIInterfaceOrientationLandscapeRight";
				INFOPLIST_KEY_UISupportedInterfaceOrientations_iPhone = "UIInterfaceOrientationPortrait UIInterfaceOrientationLandscapeLeft UIInterfaceOrientationLandscapeRight";
				IPHONEOS_DEPLOYMENT_TARGET = 17.0;
				LD_RUNPATH_SEARCH_PATHS = (
					"$(inherited)",
					"@executable_path/Frameworks",
				);
				MARKETING_VERSION = 1.0;
				PRODUCT_BUNDLE_IDENTIFIER = "com.wonil-or-not.UMM";
				PRODUCT_NAME = "$(TARGET_NAME)";
				SWIFT_EMIT_LOC_STRINGS = YES;
				SWIFT_VERSION = 5.0;
				TARGETED_DEVICE_FAMILY = "1,2";
			};
			name = Release;
		};
/* End XCBuildConfiguration section */

/* Begin XCConfigurationList section */
		571A42612ACE857500FA3D2B /* Build configuration list for PBXProject "UMM" */ = {
			isa = XCConfigurationList;
			buildConfigurations = (
				571A42722ACE857600FA3D2B /* Debug */,
				571A42732ACE857600FA3D2B /* Release */,
			);
			defaultConfigurationIsVisible = 0;
			defaultConfigurationName = Release;
		};
		571A42742ACE857600FA3D2B /* Build configuration list for PBXNativeTarget "UMM" */ = {
			isa = XCConfigurationList;
			buildConfigurations = (
				571A42752ACE857600FA3D2B /* Debug */,
				571A42762ACE857600FA3D2B /* Release */,
			);
			defaultConfigurationIsVisible = 0;
			defaultConfigurationName = Release;
		};
/* End XCConfigurationList section */

/* Begin XCVersionGroup section */
		5754FAB42AD3F94900A3FCE8 /* UMM.xcdatamodeld */ = {
			isa = XCVersionGroup;
			children = (
				5754FAB52AD3F94900A3FCE8 /* UMM.xcdatamodel */,
			);
			currentVersion = 5754FAB52AD3F94900A3FCE8 /* UMM.xcdatamodel */;
			path = UMM.xcdatamodeld;
			sourceTree = "<group>";
			versionGroupType = wrapper.xcdatamodel;
		};
/* End XCVersionGroup section */
	};
	rootObject = 571A425E2ACE857500FA3D2B /* Project object */;
}
